schema: '2.0'
stages:
  data_ingestion:
    cmd: python3 src/data_ingestion.py
    deps:
    - path: src/data_ingestion.py
      hash: md5
      md5: 068d1e634d6c83e8881fc47d712b8ce3
      size: 3457
    params:
      params.yaml:
        data_ingestion.test_size: 0.3
    outs:
    - path: data/raw
      hash: md5
      md5: 82b02540c16944390ab3a2c167afea1c.dir
      size: 479272
      nfiles: 2
  Pre_Processing:
    cmd: python3 src/Pre_Processing.py
    deps:
    - path: data/raw
      hash: md5
      md5: 82b02540c16944390ab3a2c167afea1c.dir
      size: 479272
      nfiles: 2
    - path: src/Pre_Processing.py
      hash: md5
      md5: 8d1d42e6aa6a3d317935ec1c8ef6f6bf
      size: 3662
    outs:
    - path: data/interim
      hash: md5
      md5: bf80e63f658e949ffaebd9c4772af199.dir
      size: 257220
      nfiles: 2
  Feature_engineering:
    cmd: python3 src/Feature_engineering.py
    deps:
    - path: data/interim
      hash: md5
      md5: bf80e63f658e949ffaebd9c4772af199.dir
      size: 257220
      nfiles: 2
    - path: src/Feature_engineering.py
      hash: md5
      md5: 21403cf81416594faf05123d48735f27
      size: 3609
    params:
      params.yaml:
        Feature_engineering.max_features: 50
    outs:
    - path: data/processed
      hash: md5
      md5: d6f22a584063bbeae5d844c0946ff6e9.dir
      size: 1183320
      nfiles: 2
  model_training:
    cmd: python3 src/model_training.py
    deps:
    - path: data/processed
      hash: md5
      md5: d6f22a584063bbeae5d844c0946ff6e9.dir
      size: 1183320
      nfiles: 2
    - path: src/model_training.py
      hash: md5
      md5: 1fb8cef80b106c2cfb1151a39a0230be
      size: 4036
    params:
      params.yaml:
        model_training.n_estimators: 25
        model_training.random_state: 2
    outs:
    - path: models/model.pkl
      hash: md5
      md5: 3b31edcf885580177d91b395c89c05e3
      size: 886809
  model_evaluation:
    cmd: python3 src/model_evaluation.py
    deps:
    - path: data/processed
      hash: md5
      md5: d6f22a584063bbeae5d844c0946ff6e9.dir
      size: 1183320
      nfiles: 2
    - path: models/model.pkl
      hash: md5
      md5: 3b31edcf885580177d91b395c89c05e3
      size: 886809
    - path: src/model_evaluation.py
      hash: md5
      md5: 299f6ea9440739efd0a5769ef80f4a5b
      size: 4252
    params:
      params.yaml:
        model_training.n_estimators: 25
        model_training.random_state: 2
    outs:
    - path: reports/metrics.json
      hash: md5
      md5: 67560b2f513c136da99da61a34ca8ecc
      size: 141
